
Microsoft Visual Studio Solution File, Format Version 12.00
# Visual Studio Version 17
VisualStudioVersion = 17.13.35825.156 d17.13
MinimumVisualStudioVersion = 10.0.40219.1
Project("{888888A0-9F3D-457C-B088-3A5042F75D52}") = "MonamOruMozhi", "MonamOruMozhi.pyproj", "{29693936-7638-4573-B11C-68FCD8098154}"
EndProject
Global
	GlobalSection(SolutionConfigurationPlatforms) = preSolution
		Debug|Any CPU = Debug|Any CPU
		Release|Any CPU = Release|Any CPU
	EndGlobalSection
	GlobalSection(ProjectConfigurationPlatforms) = postSolution
		{29693936-7638-4573-B11C-68FCD8098154}.Debug|Any CPU.ActiveCfg = Debug|Any CPU
		{29693936-7638-4573-B11C-68FCD8098154}.Debug|Any CPU.Build.0 = Debug|Any CPU
		{29693936-7638-4573-B11C-68FCD8098154}.Release|Any CPU.ActiveCfg = Release|Any CPU
		{29693936-7638-4573-B11C-68FCD8098154}.Release|Any CPU.Build.0 = Release|Any CPU
	EndGlobalSection
	GlobalSection(SolutionProperties) = preSolution
		HideSolutionNode = FALSE
	EndGlobalSection
	GlobalSection(ExtensibilityGlobals) = postSolution
		SolutionGuid = {18FDA2BA-9119-4595-93BA-35E0977C8312}
	EndGlobalSection
EndGlobal
